# Generated by pub
# See https://dart.dev/tools/pub/glossary#lockfile
packages:
  characters:
    dependency: transitive
    description:
      name: characters
      sha256: "04a925763edad70e8443c99234dc3328f442e811f1d8fd1a72f1c8ad0f69a605"
      url: "https://pub.dev"
    source: hosted
    version: "1.3.0"
  clock:
    dependency: transitive
    description:
      name: clock
      sha256: "6021e0172ab6e6eaa1d391afed0a99353921f00c54385c574dc53e55d67c092c"
      url: "https://pub.dev"
    source: hosted
    version: "1.1.0"
  collection:
    dependency: transitive
    description:
      name: collection
      sha256: ee67cb0715911d28db6bf4af1026078bd6f0128b07a5f66fb2ed94ec6783c09a
      url: "https://pub.dev"
    source: hosted
    version: "1.18.0"
  csslib:
    dependency: transitive
    description:
      name: csslib
      sha256: d1cd6d6e4b39a4ad295204722b8608f19981677b223f3e942c0b5a33dcf57ec0
      url: "https://pub.dev"
    source: hosted
    version: "0.17.1"
  ffi:
    dependency: transitive
    description:
      name: ffi
      sha256: "7bf0adc28a23d395f19f3f1eb21dd7cfd1dd9f8e1c50051c069122e6853bc878"
      url: "https://pub.dev"
    source: hosted
    version: "2.1.0"
  ffmpeg_kit_flutter_full_gpl:
    dependency: "direct main"
    description:
      name: ffmpeg_kit_flutter_full_gpl
      sha256: "523bd84eed67e157d8988889ceb21e7e3f58539af428bfe0b277a90c5793f61c"
      url: "https://pub.dev"
    source: hosted
    version: "5.1.0"
  ffmpeg_kit_flutter_platform_interface:
    dependency: transitive
    description:
      name: ffmpeg_kit_flutter_platform_interface
      sha256: addf046ae44e190ad0101b2fde2ad909a3cd08a2a109f6106d2f7048b7abedee
      url: "https://pub.dev"
    source: hosted
    version: "0.2.1"
  file:
    dependency: transitive
    description:
      name: file
      sha256: b69516f2c26a5bcac4eee2e32512e1a5205ab312b3536c1c1227b2b942b5f9ad
      url: "https://pub.dev"
    source: hosted
    version: "6.1.2"
  flutter:
    dependency: "direct main"
    description: flutter
    source: sdk
    version: "0.0.0"
  flutter_lints:
    dependency: "direct dev"
    description:
      name: flutter_lints
      sha256: "2118df84ef0c3ca93f96123a616ae8540879991b8b57af2f81b76a7ada49b2a4"
      url: "https://pub.dev"
    source: hosted
    version: "2.0.2"
  flutter_web_plugins:
    dependency: transitive
    description: flutter
    source: sdk
    version: "0.0.0"
  html:
    dependency: transitive
    description:
      name: html
      sha256: bfef906cbd4e78ef49ae511d9074aebd1d2251482ef601a280973e8b58b51bbf
      url: "https://pub.dev"
    source: hosted
    version: "0.15.0"
  intl:
    dependency: "direct main"
    description:
      name: intl
      sha256: "3bc132a9dbce73a7e4a21a17d06e1878839ffbf975568bc875c60537824b0c4d"
      url: "https://pub.dev"
    source: hosted
    version: "0.18.1"
  lints:
    dependency: "direct dev"
    description:
      name: lints
      sha256: "0a217c6c989d21039f1498c3ed9f3ed71b354e69873f13a8dfc3c9fe76f1b452"
      url: "https://pub.dev"
    source: hosted
    version: "2.1.1"
  material_color_utilities:
    dependency: transitive
    description:
      name: material_color_utilities
      sha256: "9528f2f296073ff54cb9fee677df673ace1218163c3bc7628093e7eed5203d41"
      url: "https://pub.dev"
    source: hosted
    version: "0.5.0"
  meta:
    dependency: transitive
    description:
      name: meta
      sha256: a6e590c838b18133bb482a2745ad77c5bb7715fb0451209e1a7567d416678b8e
      url: "https://pub.dev"
    source: hosted
    version: "1.10.0"
  path:
    dependency: "direct main"
    description:
      name: path
      sha256: "8829d8a55c13fc0e37127c29fedf290c102f4e40ae94ada574091fe0ff96c917"
      url: "https://pub.dev"
    source: hosted
    version: "1.8.3"
  path_provider:
    dependency: "direct main"
    description:
      name: path_provider
      sha256: "909b84830485dbcd0308edf6f7368bc8fd76afa26a270420f34cabea2a6467a0"
      url: "https://pub.dev"
    source: hosted
    version: "2.1.0"
  path_provider_android:
    dependency: transitive
    description:
      name: path_provider_android
      sha256: "5d44fc3314d969b84816b569070d7ace0f1dea04bd94a83f74c4829615d22ad8"
      url: "https://pub.dev"
    source: hosted
    version: "2.1.0"
  path_provider_foundation:
    dependency: transitive
    description:
      name: path_provider_foundation
      sha256: "1b744d3d774e5a879bb76d6cd1ecee2ba2c6960c03b1020cd35212f6aa267ac5"
      url: "https://pub.dev"
    source: hosted
    version: "2.3.0"
  path_provider_linux:
    dependency: transitive
    description:
      name: path_provider_linux
      sha256: ba2b77f0c52a33db09fc8caf85b12df691bf28d983e84cf87ff6d693cfa007b3
      url: "https://pub.dev"
    source: hosted
    version: "2.2.0"
  path_provider_platform_interface:
    dependency: transitive
    description:
      name: path_provider_platform_interface
      sha256: bced5679c7df11190e1ddc35f3222c858f328fff85c3942e46e7f5589bf9eb84
      url: "https://pub.dev"
    source: hosted
    version: "2.1.0"
  path_provider_windows:
    dependency: transitive
    description:
      name: path_provider_windows
      sha256: ee0e0d164516b90ae1f970bdf29f726f1aa730d7cfc449ecc74c495378b705da
      url: "https://pub.dev"
    source: hosted
    version: "2.2.0"
  platform:
    dependency: transitive
    description:
      name: platform
      sha256: "4a451831508d7d6ca779f7ac6e212b4023dd5a7d08a27a63da33756410e32b76"
      url: "https://pub.dev"
    source: hosted
    version: "3.1.0"
  plugin_platform_interface:
    dependency: transitive
    description:
      name: plugin_platform_interface
      sha256: "075f927ebbab4262ace8d0b283929ac5410c0ac4e7fc123c76429564facfb757"
      url: "https://pub.dev"
    source: hosted
    version: "2.1.2"
  process:
    dependency: transitive
    description:
      name: process
      sha256: "53fd8db9cec1d37b0574e12f07520d582019cb6c44abf5479a01505099a34a09"
      url: "https://pub.dev"
    source: hosted
    version: "4.2.4"
  sky_engine:
    dependency: transitive
    description: flutter
    source: sdk
    version: "0.0.99"
  source_span:
    dependency: transitive
    description:
      name: source_span
      sha256: d77dbb9d0b7469d91e42d352334b2b4bbd5cec4379542f1bdb630db368c4d9f6
      url: "https://pub.dev"
    source: hosted
    version: "1.8.2"
  term_glyph:
    dependency: transitive
    description:
      name: term_glyph
      sha256: a88162591b02c1f3a3db3af8ce1ea2b374bd75a7bb8d5e353bcfbdc79d719830
      url: "https://pub.dev"
    source: hosted
    version: "1.2.0"
  transparent_image:
    dependency: "direct main"
    description:
      name: transparent_image
      sha256: e8991d955a2094e197ca24c645efec2faf4285772a4746126ca12875e54ca02f
      url: "https://pub.dev"
    source: hosted
    version: "2.0.1"
  vector_math:
    dependency: transitive
    description:
      name: vector_math
      sha256: "80b3257d1492ce4d091729e3a67a60407d227c27241d6927be0130c98e741803"
      url: "https://pub.dev"
    source: hosted
    version: "2.1.4"
  video_player:
    dependency: "direct main"
    description:
      name: video_player
      sha256: "3fd106c74da32f336dc7feb65021da9b0207cb3124392935f1552834f7cce822"
      url: "https://pub.dev"
    source: hosted
    version: "2.7.0"
  video_player_android:
    dependency: transitive
    description:
      name: video_player_android
      sha256: f338a5a396c845f4632959511cad3542cdf3167e1b2a1a948ef07f7123c03608
      url: "https://pub.dev"
    source: hosted
    version: "2.4.9"
  video_player_avfoundation:
    dependency: transitive
    description:
      name: video_player_avfoundation
      sha256: f5f5b7fe8c865be8a57fe80c2dca130772e1db775b7af4e5c5aa1905069cfc6c
      url: "https://pub.dev"
    source: hosted
    version: "2.4.9"
  video_player_platform_interface:
    dependency: transitive
    description:
      name: video_player_platform_interface
      sha256: "1ca9acd7a0fb15fb1a990cb554e6f004465c6f37c99d2285766f08a4b2802988"
      url: "https://pub.dev"
    source: hosted
    version: "6.2.0"
  video_player_web:
    dependency: transitive
    description:
      name: video_player_web
      sha256: "44ce41424d104dfb7cf6982cc6b84af2b007a24d126406025bf40de5d481c74c"
      url: "https://pub.dev"
    source: hosted
    version: "2.0.16"
  video_thumbnail:
    dependency: "direct main"
    description:
      name: video_thumbnail
      sha256: "3455c189d3f0bb4e3fc2236475aa84fe598b9b2d0e08f43b9761f5bc44210016"
      url: "https://pub.dev"
    source: hosted
    version: "0.5.3"
  web:
    dependency: transitive
    description:
      name: web
      sha256: afe077240a270dcfd2aafe77602b4113645af95d0ad31128cc02bce5ac5d5152
      url: "https://pub.dev"
    source: hosted
    version: "0.3.0"
  win32:
    dependency: transitive
    description:
      name: win32
      sha256: "9e82a402b7f3d518fb9c02d0e9ae45952df31b9bf34d77baf19da2de03fc2aaa"
      url: "https://pub.dev"
    source: hosted
    version: "5.0.7"
  xdg_directories:
    dependency: transitive
    description:
      name: xdg_directories
      sha256: "060b6e1c891d956f72b5ac9463466c37cce3fa962a921532fc001e86fe93438e"
      url: "https://pub.dev"
    source: hosted
    version: "0.2.0+1"
sdks:
  dart: ">=3.2.0-194.0.dev <4.0.0"
  flutter: ">=3.3.0"
